
Microsoft Visual Studio Solution File, Format Version 12.00
# Visual Studio Version 16
VisualStudioVersion = 16.0.31911.196
MinimumVisualStudioVersion = 10.0.40219.1
Project("{2150E333-8FDC-42A3-9474-1A3956D46DE8}") = "src", "src", "{FE9B747F-6B2A-48B2-9957-CF93B47A48A8}"
EndProject
Project("{2150E333-8FDC-42A3-9474-1A3956D46DE8}") = "test", "test", "{FD58B05A-1168-47E2-83B6-CB56CA1890E1}"
EndProject
Project("{00D1A9C2-B5F0-4AF3-8072-F6C62B433612}") = "Notes.Database", "src\Notes.Database\Notes.Database.sqlproj", "{0D346240-32A2-409D-A155-7CA489BFB682}"
EndProject
Project("{FAE04EC0-301F-11D3-BF4B-00C04F79EFBC}") = "Notes.DataAccess", "src\Notes.DataAccess\Notes.DataAccess.csproj", "{870FAACB-1601-42B9-8178-9BA36CDD0676}"
EndProject
Project("{FAE04EC0-301F-11D3-BF4B-00C04F79EFBC}") = "Notes.BusinessLogic", "src\Notes.BusinessLogic\Notes.BusinessLogic.csproj", "{4B693AAD-122E-45A3-8DDE-EE10EDFDD877}"
EndProject
Project("{FAE04EC0-301F-11D3-BF4B-00C04F79EFBC}") = "ModelsDTO", "src\ModelsDTO\ModelsDTO.csproj", "{30F02C21-63E6-4FF2-900D-71C1ACCA6514}"
EndProject
Project("{FAE04EC0-301F-11D3-BF4B-00C04F79EFBC}") = "Notes.NoteApi", "src\Notes.NoteApi\Notes.NoteApi.csproj", "{42442FB6-FE94-4B7D-865C-BE2FE8E7FFAB}"
EndProject
Project("{FAE04EC0-301F-11D3-BF4B-00C04F79EFBC}") = "Notes.Presentation", "src\Notes.Presentation\Notes.Presentation.csproj", "{59FE1369-E6DF-4418-A807-390EB790C412}"
EndProject
Project("{FAE04EC0-301F-11D3-BF4B-00C04F79EFBC}") = "Notes.UnitTests", "test\Notes.UnitTests\Notes.UnitTests.csproj", "{EDBB2119-9A0F-4F2B-9DFD-CBDB17E9DC29}"
EndProject
Global
	GlobalSection(SolutionConfigurationPlatforms) = preSolution
		Debug|Any CPU = Debug|Any CPU
		Release|Any CPU = Release|Any CPU
	EndGlobalSection
	GlobalSection(ProjectConfigurationPlatforms) = postSolution
		{0D346240-32A2-409D-A155-7CA489BFB682}.Debug|Any CPU.ActiveCfg = Debug|Any CPU
		{0D346240-32A2-409D-A155-7CA489BFB682}.Debug|Any CPU.Build.0 = Debug|Any CPU
		{0D346240-32A2-409D-A155-7CA489BFB682}.Debug|Any CPU.Deploy.0 = Debug|Any CPU
		{0D346240-32A2-409D-A155-7CA489BFB682}.Release|Any CPU.ActiveCfg = Release|Any CPU
		{0D346240-32A2-409D-A155-7CA489BFB682}.Release|Any CPU.Build.0 = Release|Any CPU
		{0D346240-32A2-409D-A155-7CA489BFB682}.Release|Any CPU.Deploy.0 = Release|Any CPU
		{870FAACB-1601-42B9-8178-9BA36CDD0676}.Debug|Any CPU.ActiveCfg = Debug|Any CPU
		{870FAACB-1601-42B9-8178-9BA36CDD0676}.Debug|Any CPU.Build.0 = Debug|Any CPU
		{870FAACB-1601-42B9-8178-9BA36CDD0676}.Release|Any CPU.ActiveCfg = Release|Any CPU
		{870FAACB-1601-42B9-8178-9BA36CDD0676}.Release|Any CPU.Build.0 = Release|Any CPU
		{4B693AAD-122E-45A3-8DDE-EE10EDFDD877}.Debug|Any CPU.ActiveCfg = Debug|Any CPU
		{4B693AAD-122E-45A3-8DDE-EE10EDFDD877}.Debug|Any CPU.Build.0 = Debug|Any CPU
		{4B693AAD-122E-45A3-8DDE-EE10EDFDD877}.Release|Any CPU.ActiveCfg = Release|Any CPU
		{4B693AAD-122E-45A3-8DDE-EE10EDFDD877}.Release|Any CPU.Build.0 = Release|Any CPU
		{30F02C21-63E6-4FF2-900D-71C1ACCA6514}.Debug|Any CPU.ActiveCfg = Debug|Any CPU
		{30F02C21-63E6-4FF2-900D-71C1ACCA6514}.Debug|Any CPU.Build.0 = Debug|Any CPU
		{30F02C21-63E6-4FF2-900D-71C1ACCA6514}.Release|Any CPU.ActiveCfg = Release|Any CPU
		{30F02C21-63E6-4FF2-900D-71C1ACCA6514}.Release|Any CPU.Build.0 = Release|Any CPU
		{42442FB6-FE94-4B7D-865C-BE2FE8E7FFAB}.Debug|Any CPU.ActiveCfg = Debug|Any CPU
		{42442FB6-FE94-4B7D-865C-BE2FE8E7FFAB}.Debug|Any CPU.Build.0 = Debug|Any CPU
		{42442FB6-FE94-4B7D-865C-BE2FE8E7FFAB}.Release|Any CPU.ActiveCfg = Release|Any CPU
		{42442FB6-FE94-4B7D-865C-BE2FE8E7FFAB}.Release|Any CPU.Build.0 = Release|Any CPU
		{59FE1369-E6DF-4418-A807-390EB790C412}.Debug|Any CPU.ActiveCfg = Debug|Any CPU
		{59FE1369-E6DF-4418-A807-390EB790C412}.Debug|Any CPU.Build.0 = Debug|Any CPU
		{59FE1369-E6DF-4418-A807-390EB790C412}.Release|Any CPU.ActiveCfg = Release|Any CPU
		{59FE1369-E6DF-4418-A807-390EB790C412}.Release|Any CPU.Build.0 = Release|Any CPU
		{EDBB2119-9A0F-4F2B-9DFD-CBDB17E9DC29}.Debug|Any CPU.ActiveCfg = Debug|Any CPU
		{EDBB2119-9A0F-4F2B-9DFD-CBDB17E9DC29}.Debug|Any CPU.Build.0 = Debug|Any CPU
		{EDBB2119-9A0F-4F2B-9DFD-CBDB17E9DC29}.Release|Any CPU.ActiveCfg = Release|Any CPU
		{EDBB2119-9A0F-4F2B-9DFD-CBDB17E9DC29}.Release|Any CPU.Build.0 = Release|Any CPU
	EndGlobalSection
	GlobalSection(SolutionProperties) = preSolution
		HideSolutionNode = FALSE
	EndGlobalSection
	GlobalSection(NestedProjects) = preSolution
		{0D346240-32A2-409D-A155-7CA489BFB682} = {FE9B747F-6B2A-48B2-9957-CF93B47A48A8}
		{870FAACB-1601-42B9-8178-9BA36CDD0676} = {FE9B747F-6B2A-48B2-9957-CF93B47A48A8}
		{4B693AAD-122E-45A3-8DDE-EE10EDFDD877} = {FE9B747F-6B2A-48B2-9957-CF93B47A48A8}
		{30F02C21-63E6-4FF2-900D-71C1ACCA6514} = {FE9B747F-6B2A-48B2-9957-CF93B47A48A8}
		{42442FB6-FE94-4B7D-865C-BE2FE8E7FFAB} = {FE9B747F-6B2A-48B2-9957-CF93B47A48A8}
		{59FE1369-E6DF-4418-A807-390EB790C412} = {FE9B747F-6B2A-48B2-9957-CF93B47A48A8}
		{EDBB2119-9A0F-4F2B-9DFD-CBDB17E9DC29} = {FD58B05A-1168-47E2-83B6-CB56CA1890E1}
	EndGlobalSection
	GlobalSection(ExtensibilityGlobals) = postSolution
		SolutionGuid = {C6FB64BA-9F77-4708-AFBB-75F6ECE7BA2F}
	EndGlobalSection
EndGlobal
